PODS:
  - AFNetworking (3.2.1):
    - AFNetworking/NSURLSession (= 3.2.1)
    - AFNetworking/Reachability (= 3.2.1)
    - AFNetworking/Security (= 3.2.1)
    - AFNetworking/Serialization (= 3.2.1)
    - AFNetworking/UIKit (= 3.2.1)
  - AFNetworking/NSURLSession (3.2.1):
    - AFNetworking/Reachability
    - AFNetworking/Security
    - AFNetworking/Serialization
  - AFNetworking/Reachability (3.2.1)
  - AFNetworking/Security (3.2.1)
  - AFNetworking/Serialization (3.2.1)
  - AFNetworking/UIKit (3.2.1):
    - AFNetworking/NSURLSession
  - FBRetainCycleDetector (0.1.4)
  - FLAnimatedImage (1.0.12)
  - FMDB (2.7.5):
    - FMDB/standard (= 2.7.5)
  - FMDB/standard (2.7.5)
  - FreeStreamer (4.0.0):
    - Reachability (~> 3.0)
  - MJExtension (3.0.17)
  - MJRefresh (3.2.0)
  - MLeaksFinder (1.0.0):
    - FBRetainCycleDetector
  - Reachability (3.2)
  - SDWebImage (4.4.7):
    - SDWebImage/Core (= 4.4.7)
  - SDWebImage/Core (4.4.7)
  - SDWebImage/GIF (4.4.7):
    - FLAnimatedImage (~> 1.0)
    - SDWebImage/Core
  - SnapKit (5.0.0)
  - SVProgressHUD (2.2.5)

DEPENDENCIES:
  - AFNetworking
  - FMDB
  - FreeStreamer
  - MJExtension
  - MJRefresh
  - MLeaksFinder
  - SDWebImage
  - SDWebImage/GIF
  - SnapKit
  - SVProgressHUD

SPEC REPOS:
  https://github.com/cocoapods/specs.git:
    - AFNetworking
    - FBRetainCycleDetector
    - FLAnimatedImage
    - FMDB
    - FreeStreamer
    - MJExtension
    - MJRefresh
    - MLeaksFinder
    - Reachability
    - SDWebImage
    - SnapKit
    - SVProgressHUD

SPEC CHECKSUMS:
  AFNetworking: b6f891fdfaed196b46c7a83cf209e09697b94057
  FBRetainCycleDetector: 46f8179bbb1c587deee3ea838a1a3ee02acf5015
  FLAnimatedImage: 4a0b56255d9b05f18b6dd7ee06871be5d3b89e31
  FMDB: 2ce00b547f966261cd18927a3ddb07cb6f3db82a
  FreeStreamer: 7e9c976045701ac2f7e9c14c17245203c37bf2ea
  MJExtension: 74ec83124a68891619fb7ba9c5c811bbf1691076
  MJRefresh: ed450d6eb9d3346a2cb033ab7eb6de090aeef437
  MLeaksFinder: 8c435bd2f6d070af18cff082b503b21adc130fc0
  Reachability: 33e18b67625424e47b6cde6d202dce689ad7af96
  SDWebImage: c10d14a8883ebd89664f02a422006f66a85c0c5d
  SnapKit: fd22d10eb9aff484d79a8724eab922c1ddf89bcf
  SVProgressHUD: 1428aafac632c1f86f62aa4243ec12008d7a51d6

PODFILE CHECKSUM: 9080d877f5122bd60e35b9995c1b506b5f49868c

COCOAPODS: 1.5.3
